
Microsoft Visual Studio Solution File, Format Version 12.00
# Visual Studio Version 16
VisualStudioVersion = 16.0.30320.27
MinimumVisualStudioVersion = 10.0.40219.1
Project("{FAE04EC0-301F-11D3-BF4B-00C04F79EFBC}") = "DapperHelper", "DapperHelper\DapperHelper.csproj", "{B82E3554-29C8-482A-B29F-CFF83A534ED2}"
EndProject
Project("{FAE04EC0-301F-11D3-BF4B-00C04F79EFBC}") = "DapperHelper.ConsoleApp", "DapperHelper.ConsoleApp\DapperHelper.ConsoleApp.csproj", "{659A3C0E-4085-419F-8CD4-9651CE0A0CF0}"
EndProject
Global
	GlobalSection(SolutionConfigurationPlatforms) = preSolution
		Debug|Any CPU = Debug|Any CPU
		Release|Any CPU = Release|Any CPU
	EndGlobalSection
	GlobalSection(ProjectConfigurationPlatforms) = postSolution
		{B82E3554-29C8-482A-B29F-CFF83A534ED2}.Debug|Any CPU.ActiveCfg = Debug|Any CPU
		{B82E3554-29C8-482A-B29F-CFF83A534ED2}.Debug|Any CPU.Build.0 = Debug|Any CPU
		{B82E3554-29C8-482A-B29F-CFF83A534ED2}.Release|Any CPU.ActiveCfg = Release|Any CPU
		{B82E3554-29C8-482A-B29F-CFF83A534ED2}.Release|Any CPU.Build.0 = Release|Any CPU
		{659A3C0E-4085-419F-8CD4-9651CE0A0CF0}.Debug|Any CPU.ActiveCfg = Debug|Any CPU
		{659A3C0E-4085-419F-8CD4-9651CE0A0CF0}.Debug|Any CPU.Build.0 = Debug|Any CPU
		{659A3C0E-4085-419F-8CD4-9651CE0A0CF0}.Release|Any CPU.ActiveCfg = Release|Any CPU
		{659A3C0E-4085-419F-8CD4-9651CE0A0CF0}.Release|Any CPU.Build.0 = Release|Any CPU
	EndGlobalSection
	GlobalSection(SolutionProperties) = preSolution
		HideSolutionNode = FALSE
	EndGlobalSection
	GlobalSection(ExtensibilityGlobals) = postSolution
		SolutionGuid = {550FC962-C622-493E-B8E2-E404D58C1C4E}
	EndGlobalSection
EndGlobal
